
Microsoft Visual Studio Solution File, Format Version 12.00
Project("{FAE04EC0-301F-11D3-BF4B-00C04F79EFBC}") = "FortranHighlighter", "src\services\FortranHighlighter\FortranHighlighter.csproj", "{D3A0472E-E23A-491C-ACDF-2B4801D67D42}"
EndProject
Project("{FAE04EC0-301F-11D3-BF4B-00C04F79EFBC}") = "ClojureHighlighter", "src\services\ClojureHighlighter\ClojureHighlighter.csproj", "{20FC2930-FFFF-4596-BE1D-9005B2DE8C4E}"
EndProject
Project("{FAE04EC0-301F-11D3-BF4B-00C04F79EFBC}") = "ApiGateway", "src\api-gateway\ApiGateway\ApiGateway.csproj", "{CB5EB77F-0C97-4577-BA81-F106C9C50E3D}"
EndProject
Project("{2150E333-8FDC-42A3-9474-1A3956D46DE8}") = "Solution Items", "Solution Items", "{3F1A2F21-849E-443B-B706-D01F5EFE641C}"
	ProjectSection(SolutionItems) = preProject
		compose.yaml = compose.yaml
	EndProjectSection
EndProject
Project("{FAE04EC0-301F-11D3-BF4B-00C04F79EFBC}") = "CsharpHighlighter", "src\services\CsharpHighlighter\CsharpHighlighter.csproj", "{C0FDD65D-7319-414C-82A9-049B2C46F81F}"
EndProject
Global
	GlobalSection(SolutionConfigurationPlatforms) = preSolution
		Debug|Any CPU = Debug|Any CPU
		Release|Any CPU = Release|Any CPU
	EndGlobalSection
	GlobalSection(ProjectConfigurationPlatforms) = postSolution
		{D3A0472E-E23A-491C-ACDF-2B4801D67D42}.Debug|Any CPU.ActiveCfg = Debug|Any CPU
		{D3A0472E-E23A-491C-ACDF-2B4801D67D42}.Debug|Any CPU.Build.0 = Debug|Any CPU
		{D3A0472E-E23A-491C-ACDF-2B4801D67D42}.Release|Any CPU.ActiveCfg = Release|Any CPU
		{D3A0472E-E23A-491C-ACDF-2B4801D67D42}.Release|Any CPU.Build.0 = Release|Any CPU
		{20FC2930-FFFF-4596-BE1D-9005B2DE8C4E}.Debug|Any CPU.ActiveCfg = Debug|Any CPU
		{20FC2930-FFFF-4596-BE1D-9005B2DE8C4E}.Debug|Any CPU.Build.0 = Debug|Any CPU
		{20FC2930-FFFF-4596-BE1D-9005B2DE8C4E}.Release|Any CPU.ActiveCfg = Release|Any CPU
		{20FC2930-FFFF-4596-BE1D-9005B2DE8C4E}.Release|Any CPU.Build.0 = Release|Any CPU
		{CB5EB77F-0C97-4577-BA81-F106C9C50E3D}.Debug|Any CPU.ActiveCfg = Debug|Any CPU
		{CB5EB77F-0C97-4577-BA81-F106C9C50E3D}.Debug|Any CPU.Build.0 = Debug|Any CPU
		{CB5EB77F-0C97-4577-BA81-F106C9C50E3D}.Release|Any CPU.ActiveCfg = Release|Any CPU
		{CB5EB77F-0C97-4577-BA81-F106C9C50E3D}.Release|Any CPU.Build.0 = Release|Any CPU
		{C0FDD65D-7319-414C-82A9-049B2C46F81F}.Debug|Any CPU.ActiveCfg = Debug|Any CPU
		{C0FDD65D-7319-414C-82A9-049B2C46F81F}.Debug|Any CPU.Build.0 = Debug|Any CPU
		{C0FDD65D-7319-414C-82A9-049B2C46F81F}.Release|Any CPU.ActiveCfg = Release|Any CPU
		{C0FDD65D-7319-414C-82A9-049B2C46F81F}.Release|Any CPU.Build.0 = Release|Any CPU
	EndGlobalSection
	GlobalSection(NestedProjects) = preSolution
	EndGlobalSection
EndGlobal
